
Microsoft Visual Studio Solution File, Format Version 12.00
# Visual Studio Version 16
VisualStudioVersion = 16.0.29215.179
MinimumVisualStudioVersion = 10.0.40219.1
Project("{FAE04EC0-301F-11D3-BF4B-00C04F79EFBC}") = "Zork", "Zork\Zork.csproj", "{7AED990B-D714-42ED-ACC8-4B8D539C8903}"
EndProject
Global
	GlobalSection(SolutionConfigurationPlatforms) = preSolution
		Debug|Any CPU = Debug|Any CPU
		Release|Any CPU = Release|Any CPU
	EndGlobalSection
	GlobalSection(ProjectConfigurationPlatforms) = postSolution
		{7AED990B-D714-42ED-ACC8-4B8D539C8903}.Debug|Any CPU.ActiveCfg = Debug|Any CPU
		{7AED990B-D714-42ED-ACC8-4B8D539C8903}.Debug|Any CPU.Build.0 = Debug|Any CPU
		{7AED990B-D714-42ED-ACC8-4B8D539C8903}.Release|Any CPU.ActiveCfg = Release|Any CPU
		{7AED990B-D714-42ED-ACC8-4B8D539C8903}.Release|Any CPU.Build.0 = Release|Any CPU
	EndGlobalSection
	GlobalSection(SolutionProperties) = preSolution
		HideSolutionNode = FALSE
	EndGlobalSection
	GlobalSection(ExtensibilityGlobals) = postSolution
		SolutionGuid = {9A4261CB-9933-48A2-8071-498686CCF5B1}
	EndGlobalSection
EndGlobal
